// !$*UTF8*$!
{
	archiveVersion = 1;
	classes = {
	};
	objectVersion = 52;
	objects = {

/* Begin PBXBuildFile section */
		4DE5801426109B9E005CCC0C /* AppDelegate.swift in Sources */ = {isa = PBXBuildFile; fileRef = 4DE5801326109B9E005CCC0C /* AppDelegate.swift */; };
		4DE5801626109B9E005CCC0C /* SceneDelegate.swift in Sources */ = {isa = PBXBuildFile; fileRef = 4DE5801526109B9E005CCC0C /* SceneDelegate.swift */; };
		4DE5801826109B9E005CCC0C /* GuardianListView.swift in Sources */ = {isa = PBXBuildFile; fileRef = 4DE5801726109B9E005CCC0C /* GuardianListView.swift */; };
		4DE5801A26109B9F005CCC0C /* Assets.xcassets in Resources */ = {isa = PBXBuildFile; fileRef = 4DE5801926109B9F005CCC0C /* Assets.xcassets */; };
		4DE5801D26109B9F005CCC0C /* Preview Assets.xcassets in Resources */ = {isa = PBXBuildFile; fileRef = 4DE5801C26109B9F005CCC0C /* Preview Assets.xcassets */; };
		4DE5802026109B9F005CCC0C /* LaunchScreen.storyboard in Resources */ = {isa = PBXBuildFile; fileRef = 4DE5801E26109B9F005CCC0C /* LaunchScreen.storyboard */; };
		4DE5803926109BD3005CCC0C /* GuardianAPI.swift in Sources */ = {isa = PBXBuildFile; fileRef = 4DE5803826109BD3005CCC0C /* GuardianAPI.swift */; };
		4DE5803D26109CB9005CCC0C /* GuardianAPITests.swift in Sources */ = {isa = PBXBuildFile; fileRef = 4DE5803C26109CB9005CCC0C /* GuardianAPITests.swift */; };
		4DE580432610A071005CCC0C /* SampleResponse.json in Resources */ = {isa = PBXBuildFile; fileRef = 4DE580422610A071005CCC0C /* SampleResponse.json */; };
		4DE580472610A546005CCC0C /* TestURLProtocol.swift in Sources */ = {isa = PBXBuildFile; fileRef = 4DE580462610A546005CCC0C /* TestURLProtocol.swift */; };
		4DE70E802610D59700B33594 /* ResponseModel.swift in Sources */ = {isa = PBXBuildFile; fileRef = 4DE70E7F2610D59700B33594 /* ResponseModel.swift */; };
		4DE70E842610D5AC00B33594 /* ResponseModelTests.swift in Sources */ = {isa = PBXBuildFile; fileRef = 4DE70E832610D5AC00B33594 /* ResponseModelTests.swift */; };
		4DE70E8A2610D98900B33594 /* GuardianListViewModel.swift in Sources */ = {isa = PBXBuildFile; fileRef = 4DE70E892610D98900B33594 /* GuardianListViewModel.swift */; };
		4DE70E922611B26600B33594 /* GuardianListViewModelTests.swift in Sources */ = {isa = PBXBuildFile; fileRef = 4DE70E912611B26600B33594 /* GuardianListViewModelTests.swift */; };
		4DE70E972611B7CC00B33594 /* CombineSchedulers in Frameworks */ = {isa = PBXBuildFile; productRef = 4DE70E962611B7CC00B33594 /* CombineSchedulers */; };
		4DE70E9B2611BEC600B33594 /* AppCoordinator.swift in Sources */ = {isa = PBXBuildFile; fileRef = 4DE70E9A2611BEC600B33594 /* AppCoordinator.swift */; };
		4DE70EA12611BFAD00B33594 /* Router.swift in Sources */ = {isa = PBXBuildFile; fileRef = 4DE70EA02611BFAD00B33594 /* Router.swift */; };
		4DE70EA72611BFFA00B33594 /* AppCoordinatorTests.swift in Sources */ = {isa = PBXBuildFile; fileRef = 4DE70EA62611BFFA00B33594 /* AppCoordinatorTests.swift */; };
/* End PBXBuildFile section */

/* Begin PBXContainerItemProxy section */
		4DE5803126109BB1005CCC0C /* PBXContainerItemProxy */ = {
			isa = PBXContainerItemProxy;
			containerPortal = 4DE5800826109B9E005CCC0C /* Project object */;
			proxyType = 1;
			remoteGlobalIDString = 4DE5800F26109B9E005CCC0C;
			remoteInfo = GuardianNewsApp;
		};
/* End PBXContainerItemProxy section */

/* Begin PBXFileReference section */
		4DE5801026109B9E005CCC0C /* GuardianNewsApp.app */ = {isa = PBXFileReference; explicitFileType = wrapper.application; includeInIndex = 0; path = GuardianNewsApp.app; sourceTree = BUILT_PRODUCTS_DIR; };
		4DE5801326109B9E005CCC0C /* AppDelegate.swift */ = {isa = PBXFileReference; lastKnownFileType = sourcecode.swift; path = AppDelegate.swift; sourceTree = "<group>"; };
		4DE5801526109B9E005CCC0C /* SceneDelegate.swift */ = {isa = PBXFileReference; lastKnownFileType = sourcecode.swift; path = SceneDelegate.swift; sourceTree = "<group>"; };
		4DE5801726109B9E005CCC0C /* GuardianListView.swift */ = {isa = PBXFileReference; lastKnownFileType = sourcecode.swift; path = GuardianListView.swift; sourceTree = "<group>"; };
		4DE5801926109B9F005CCC0C /* Assets.xcassets */ = {isa = PBXFileReference; lastKnownFileType = folder.assetcatalog; path = Assets.xcassets; sourceTree = "<group>"; };
		4DE5801C26109B9F005CCC0C /* Preview Assets.xcassets */ = {isa = PBXFileReference; lastKnownFileType = folder.assetcatalog; path = "Preview Assets.xcassets"; sourceTree = "<group>"; };
		4DE5801F26109B9F005CCC0C /* Base */ = {isa = PBXFileReference; lastKnownFileType = file.storyboard; name = Base; path = Base.lproj/LaunchScreen.storyboard; sourceTree = "<group>"; };
		4DE5802126109B9F005CCC0C /* Info.plist */ = {isa = PBXFileReference; lastKnownFileType = text.plist.xml; path = Info.plist; sourceTree = "<group>"; };
		4DE5802C26109BB1005CCC0C /* GuardianNewsAppTests.xctest */ = {isa = PBXFileReference; explicitFileType = wrapper.cfbundle; includeInIndex = 0; path = GuardianNewsAppTests.xctest; sourceTree = BUILT_PRODUCTS_DIR; };
		4DE5803026109BB1005CCC0C /* Info.plist */ = {isa = PBXFileReference; lastKnownFileType = text.plist.xml; path = Info.plist; sourceTree = "<group>"; };
		4DE5803826109BD3005CCC0C /* GuardianAPI.swift */ = {isa = PBXFileReference; lastKnownFileType = sourcecode.swift; path = GuardianAPI.swift; sourceTree = "<group>"; };
		4DE5803C26109CB9005CCC0C /* GuardianAPITests.swift */ = {isa = PBXFileReference; lastKnownFileType = sourcecode.swift; path = GuardianAPITests.swift; sourceTree = "<group>"; };
		4DE580422610A071005CCC0C /* SampleResponse.json */ = {isa = PBXFileReference; lastKnownFileType = text.json; path = SampleResponse.json; sourceTree = "<group>"; };
		4DE580462610A546005CCC0C /* TestURLProtocol.swift */ = {isa = PBXFileReference; lastKnownFileType = sourcecode.swift; path = TestURLProtocol.swift; sourceTree = "<group>"; };
		4DE70E7F2610D59700B33594 /* ResponseModel.swift */ = {isa = PBXFileReference; lastKnownFileType = sourcecode.swift; path = ResponseModel.swift; sourceTree = "<group>"; };
		4DE70E832610D5AC00B33594 /* ResponseModelTests.swift */ = {isa = PBXFileReference; lastKnownFileType = sourcecode.swift; path = ResponseModelTests.swift; sourceTree = "<group>"; };
		4DE70E892610D98900B33594 /* GuardianListViewModel.swift */ = {isa = PBXFileReference; lastKnownFileType = sourcecode.swift; path = GuardianListViewModel.swift; sourceTree = "<group>"; };
		4DE70E912611B26600B33594 /* GuardianListViewModelTests.swift */ = {isa = PBXFileReference; lastKnownFileType = sourcecode.swift; path = GuardianListViewModelTests.swift; sourceTree = "<group>"; };
		4DE70E9A2611BEC600B33594 /* AppCoordinator.swift */ = {isa = PBXFileReference; lastKnownFileType = sourcecode.swift; path = AppCoordinator.swift; sourceTree = "<group>"; };
		4DE70EA02611BFAD00B33594 /* Router.swift */ = {isa = PBXFileReference; lastKnownFileType = sourcecode.swift; path = Router.swift; sourceTree = "<group>"; };
		4DE70EA62611BFFA00B33594 /* AppCoordinatorTests.swift */ = {isa = PBXFileReference; lastKnownFileType = sourcecode.swift; path = AppCoordinatorTests.swift; sourceTree = "<group>"; };
/* End PBXFileReference section */

/* Begin PBXFrameworksBuildPhase section */
		4DE5800D26109B9E005CCC0C /* Frameworks */ = {
			isa = PBXFrameworksBuildPhase;
			buildActionMask = 2147483647;
			files = (
				4DE70E972611B7CC00B33594 /* CombineSchedulers in Frameworks */,
			);
			runOnlyForDeploymentPostprocessing = 0;
		};
		4DE5802926109BB1005CCC0C /* Frameworks */ = {
			isa = PBXFrameworksBuildPhase;
			buildActionMask = 2147483647;
			files = (
			);
			runOnlyForDeploymentPostprocessing = 0;
		};
/* End PBXFrameworksBuildPhase section */

/* Begin PBXGroup section */
		4DE5800726109B9E005CCC0C = {
			isa = PBXGroup;
			children = (
				4DE5801226109B9E005CCC0C /* GuardianNewsApp */,
				4DE5802D26109BB1005CCC0C /* GuardianNewsAppTests */,
				4DE5801126109B9E005CCC0C /* Products */,
			);
			sourceTree = "<group>";
		};
		4DE5801126109B9E005CCC0C /* Products */ = {
			isa = PBXGroup;
			children = (
				4DE5801026109B9E005CCC0C /* GuardianNewsApp.app */,
				4DE5802C26109BB1005CCC0C /* GuardianNewsAppTests.xctest */,
			);
			name = Products;
			sourceTree = "<group>";
		};
		4DE5801226109B9E005CCC0C /* GuardianNewsApp */ = {
			isa = PBXGroup;
			children = (
				4DE70E9A2611BEC600B33594 /* AppCoordinator.swift */,
				4DE70EA62611BFFA00B33594 /* AppCoordinatorTests.swift */,
				4DE5801326109B9E005CCC0C /* AppDelegate.swift */,
				4DE5801726109B9E005CCC0C /* GuardianListView.swift */,
				4DE5803826109BD3005CCC0C /* GuardianAPI.swift */,
				4DE5803C26109CB9005CCC0C /* GuardianAPITests.swift */,
				4DE70E892610D98900B33594 /* GuardianListViewModel.swift */,
				4DE70E912611B26600B33594 /* GuardianListViewModelTests.swift */,
				4DE70E7F2610D59700B33594 /* ResponseModel.swift */,
				4DE70E832610D5AC00B33594 /* ResponseModelTests.swift */,
				4DE70EA02611BFAD00B33594 /* Router.swift */,
				4DE5801526109B9E005CCC0C /* SceneDelegate.swift */,
				4DE5801926109B9F005CCC0C /* Assets.xcassets */,
				4DE5801E26109B9F005CCC0C /* LaunchScreen.storyboard */,
				4DE5802126109B9F005CCC0C /* Info.plist */,
				4DE5801B26109B9F005CCC0C /* Preview Content */,
			);
			path = GuardianNewsApp;
			sourceTree = "<group>";
		};
		4DE5801B26109B9F005CCC0C /* Preview Content */ = {
			isa = PBXGroup;
			children = (
				4DE5801C26109B9F005CCC0C /* Preview Assets.xcassets */,
			);
			path = "Preview Content";
			sourceTree = "<group>";
		};
		4DE5802D26109BB1005CCC0C /* GuardianNewsAppTests */ = {
			isa = PBXGroup;
			children = (
				4DE580462610A546005CCC0C /* TestURLProtocol.swift */,
				4DE580422610A071005CCC0C /* SampleResponse.json */,
				4DE5803026109BB1005CCC0C /* Info.plist */,
			);
			path = GuardianNewsAppTests;
			sourceTree = "<group>";
		};
/* End PBXGroup section */

/* Begin PBXNativeTarget section */
		4DE5800F26109B9E005CCC0C /* GuardianNewsApp */ = {
			isa = PBXNativeTarget;
			buildConfigurationList = 4DE5802426109B9F005CCC0C /* Build configuration list for PBXNativeTarget "GuardianNewsApp" */;
			buildPhases = (
				4DE5800C26109B9E005CCC0C /* Sources */,
				4DE5800D26109B9E005CCC0C /* Frameworks */,
				4DE5800E26109B9E005CCC0C /* Resources */,
			);
			buildRules = (
			);
			dependencies = (
			);
			name = GuardianNewsApp;
			packageProductDependencies = (
				4DE70E962611B7CC00B33594 /* CombineSchedulers */,
			);
			productName = GuardianNewsApp;
			productReference = 4DE5801026109B9E005CCC0C /* GuardianNewsApp.app */;
			productType = "com.apple.product-type.application";
		};
		4DE5802B26109BB1005CCC0C /* GuardianNewsAppTests */ = {
			isa = PBXNativeTarget;
			buildConfigurationList = 4DE5803326109BB1005CCC0C /* Build configuration list for PBXNativeTarget "GuardianNewsAppTests" */;
			buildPhases = (
				4DE5802826109BB1005CCC0C /* Sources */,
				4DE5802926109BB1005CCC0C /* Frameworks */,
				4DE5802A26109BB1005CCC0C /* Resources */,
			);
			buildRules = (
			);
			dependencies = (
				4DE5803226109BB1005CCC0C /* PBXTargetDependency */,
			);
			name = GuardianNewsAppTests;
			productName = GuardianNewsAppTests;
			productReference = 4DE5802C26109BB1005CCC0C /* GuardianNewsAppTests.xctest */;
			productType = "com.apple.product-type.bundle.unit-test";
		};
/* End PBXNativeTarget section */

/* Begin PBXProject section */
		4DE5800826109B9E005CCC0C /* Project object */ = {
			isa = PBXProject;
			attributes = {
				LastSwiftUpdateCheck = 1240;
				LastUpgradeCheck = 1240;
				TargetAttributes = {
					4DE5800F26109B9E005CCC0C = {
						CreatedOnToolsVersion = 12.4;
					};
					4DE5802B26109BB1005CCC0C = {
						CreatedOnToolsVersion = 12.4;
						TestTargetID = 4DE5800F26109B9E005CCC0C;
					};
				};
			};
			buildConfigurationList = 4DE5800B26109B9E005CCC0C /* Build configuration list for PBXProject "GuardianNewsApp" */;
			compatibilityVersion = "Xcode 9.3";
			developmentRegion = en;
			hasScannedForEncodings = 0;
			knownRegions = (
				en,
				Base,
			);
			mainGroup = 4DE5800726109B9E005CCC0C;
			packageReferences = (
				4DE70E952611B7CC00B33594 /* XCRemoteSwiftPackageReference "combine-schedulers" */,
			);
			productRefGroup = 4DE5801126109B9E005CCC0C /* Products */;
			projectDirPath = "";
			projectRoot = "";
			targets = (
				4DE5800F26109B9E005CCC0C /* GuardianNewsApp */,
				4DE5802B26109BB1005CCC0C /* GuardianNewsAppTests */,
			);
		};
/* End PBXProject section */

/* Begin PBXResourcesBuildPhase section */
		4DE5800E26109B9E005CCC0C /* Resources */ = {
			isa = PBXResourcesBuildPhase;
			buildActionMask = 2147483647;
			files = (
				4DE5802026109B9F005CCC0C /* LaunchScreen.storyboard in Resources */,
				4DE5801D26109B9F005CCC0C /* Preview Assets.xcassets in Resources */,
				4DE5801A26109B9F005CCC0C /* Assets.xcassets in Resources */,
			);
			runOnlyForDeploymentPostprocessing = 0;
		};
		4DE5802A26109BB1005CCC0C /* Resources */ = {
			isa = PBXResourcesBuildPhase;
			buildActionMask = 2147483647;
			files = (
				4DE580432610A071005CCC0C /* SampleResponse.json in Resources */,
			);
			runOnlyForDeploymentPostprocessing = 0;
		};
/* End PBXResourcesBuildPhase section */

/* Begin PBXSourcesBuildPhase section */
		4DE5800C26109B9E005CCC0C /* Sources */ = {
			isa = PBXSourcesBuildPhase;
			buildActionMask = 2147483647;
			files = (
				4DE70EA12611BFAD00B33594 /* Router.swift in Sources */,
				4DE5801426109B9E005CCC0C /* AppDelegate.swift in Sources */,
				4DE5803926109BD3005CCC0C /* GuardianAPI.swift in Sources */,
				4DE5801626109B9E005CCC0C /* SceneDelegate.swift in Sources */,
				4DE70E8A2610D98900B33594 /* GuardianListViewModel.swift in Sources */,
				4DE70E802610D59700B33594 /* ResponseModel.swift in Sources */,
				4DE5801826109B9E005CCC0C /* GuardianListView.swift in Sources */,
				4DE70E9B2611BEC600B33594 /* AppCoordinator.swift in Sources */,
			);
			runOnlyForDeploymentPostprocessing = 0;
		};
		4DE5802826109BB1005CCC0C /* Sources */ = {
			isa = PBXSourcesBuildPhase;
			buildActionMask = 2147483647;
			files = (
				4DE70EA72611BFFA00B33594 /* AppCoordinatorTests.swift in Sources */,
				4DE5803D26109CB9005CCC0C /* GuardianAPITests.swift in Sources */,
				4DE580472610A546005CCC0C /* TestURLProtocol.swift in Sources */,
				4DE70E922611B26600B33594 /* GuardianListViewModelTests.swift in Sources */,
				4DE70E842610D5AC00B33594 /* ResponseModelTests.swift in Sources */,
			);
			runOnlyForDeploymentPostprocessing = 0;
		};
/* End PBXSourcesBuildPhase section */

/* Begin PBXTargetDependency section */
		4DE5803226109BB1005CCC0C /* PBXTargetDependency */ = {
			isa = PBXTargetDependency;
			target = 4DE5800F26109B9E005CCC0C /* GuardianNewsApp */;
			targetProxy = 4DE5803126109BB1005CCC0C /* PBXContainerItemProxy */;
		};
/* End PBXTargetDependency section */

/* Begin PBXVariantGroup section */
		4DE5801E26109B9F005CCC0C /* LaunchScreen.storyboard */ = {
			isa = PBXVariantGroup;
			children = (
				4DE5801F26109B9F005CCC0C /* Base */,
			);
			name = LaunchScreen.storyboard;
			sourceTree = "<group>";
		};
/* End PBXVariantGroup section */

/* Begin XCBuildConfiguration section */
		4DE5802226109B9F005CCC0C /* Debug */ = {
			isa = XCBuildConfiguration;
			buildSettings = {
				ALWAYS_SEARCH_USER_PATHS = NO;
				CLANG_ANALYZER_NONNULL = YES;
				CLANG_ANALYZER_NUMBER_OBJECT_CONVERSION = YES_AGGRESSIVE;
				CLANG_CXX_LANGUAGE_STANDARD = "gnu++14";
				CLANG_CXX_LIBRARY = "libc++";
				CLANG_ENABLE_MODULES = YES;
				CLANG_ENABLE_OBJC_ARC = YES;
				CLANG_ENABLE_OBJC_WEAK = YES;
				CLANG_WARN_BLOCK_CAPTURE_AUTORELEASING = YES;
				CLANG_WARN_BOOL_CONVERSION = YES;
				CLANG_WARN_COMMA = YES;
				CLANG_WARN_CONSTANT_CONVERSION = YES;
				CLANG_WARN_DEPRECATED_OBJC_IMPLEMENTATIONS = YES;
				CLANG_WARN_DIRECT_OBJC_ISA_USAGE = YES_ERROR;
				CLANG_WARN_DOCUMENTATION_COMMENTS = YES;
				CLANG_WARN_EMPTY_BODY = YES;
				CLANG_WARN_ENUM_CONVERSION = YES;
				CLANG_WARN_INFINITE_RECURSION = YES;
				CLANG_WARN_INT_CONVERSION = YES;
				CLANG_WARN_NON_LITERAL_NULL_CONVERSION = YES;
				CLANG_WARN_OBJC_IMPLICIT_RETAIN_SELF = YES;
				CLANG_WARN_OBJC_LITERAL_CONVERSION = YES;
				CLANG_WARN_OBJC_ROOT_CLASS = YES_ERROR;
				CLANG_WARN_QUOTED_INCLUDE_IN_FRAMEWORK_HEADER = YES;
				CLANG_WARN_RANGE_LOOP_ANALYSIS = YES;
				CLANG_WARN_STRICT_PROTOTYPES = YES;
				CLANG_WARN_SUSPICIOUS_MOVE = YES;
				CLANG_WARN_UNGUARDED_AVAILABILITY = YES_AGGRESSIVE;
				CLANG_WARN_UNREACHABLE_CODE = YES;
				CLANG_WARN__DUPLICATE_METHOD_MATCH = YES;
				COPY_PHASE_STRIP = NO;
				DEBUG_INFORMATION_FORMAT = dwarf;
				ENABLE_STRICT_OBJC_MSGSEND = YES;
				ENABLE_TESTABILITY = YES;
				GCC_C_LANGUAGE_STANDARD = gnu11;
				GCC_DYNAMIC_NO_PIC = NO;
				GCC_NO_COMMON_BLOCKS = YES;
				GCC_OPTIMIZATION_LEVEL = 0;
				GCC_PREPROCESSOR_DEFINITIONS = (
					"DEBUG=1",
					"$(inherited)",
				);
				GCC_WARN_64_TO_32_BIT_CONVERSION = YES;
				GCC_WARN_ABOUT_RETURN_TYPE = YES_ERROR;
				GCC_WARN_UNDECLARED_SELECTOR = YES;
				GCC_WARN_UNINITIALIZED_AUTOS = YES_AGGRESSIVE;
				GCC_WARN_UNUSED_FUNCTION = YES;
				GCC_WARN_UNUSED_VARIABLE = YES;
				IPHONEOS_DEPLOYMENT_TARGET = 14.4;
				MTL_ENABLE_DEBUG_INFO = INCLUDE_SOURCE;
				MTL_FAST_MATH = YES;
				ONLY_ACTIVE_ARCH = YES;
				SDKROOT = iphoneos;
				SWIFT_ACTIVE_COMPILATION_CONDITIONS = DEBUG;
				SWIFT_OPTIMIZATION_LEVEL = "-Onone";
			};
			name = Debug;
		};
		4DE5802326109B9F005CCC0C /* Release */ = {
			isa = XCBuildConfiguration;
			buildSettings = {
				ALWAYS_SEARCH_USER_PATHS = NO;
				CLANG_ANALYZER_NONNULL = YES;
				CLANG_ANALYZER_NUMBER_OBJECT_CONVERSION = YES_AGGRESSIVE;
				CLANG_CXX_LANGUAGE_STANDARD = "gnu++14";
				CLANG_CXX_LIBRARY = "libc++";
				CLANG_ENABLE_MODULES = YES;
				CLANG_ENABLE_OBJC_ARC = YES;
				CLANG_ENABLE_OBJC_WEAK = YES;
				CLANG_WARN_BLOCK_CAPTURE_AUTORELEASING = YES;
				CLANG_WARN_BOOL_CONVERSION = YES;
				CLANG_WARN_COMMA = YES;
				CLANG_WARN_CONSTANT_CONVERSION = YES;
				CLANG_WARN_DEPRECATED_OBJC_IMPLEMENTATIONS = YES;
				CLANG_WARN_DIRECT_OBJC_ISA_USAGE = YES_ERROR;
				CLANG_WARN_DOCUMENTATION_COMMENTS = YES;
				CLANG_WARN_EMPTY_BODY = YES;
				CLANG_WARN_ENUM_CONVERSION = YES;
				CLANG_WARN_INFINITE_RECURSION = YES;
				CLANG_WARN_INT_CONVERSION = YES;
				CLANG_WARN_NON_LITERAL_NULL_CONVERSION = YES;
				CLANG_WARN_OBJC_IMPLICIT_RETAIN_SELF = YES;
				CLANG_WARN_OBJC_LITERAL_CONVERSION = YES;
				CLANG_WARN_OBJC_ROOT_CLASS = YES_ERROR;
				CLANG_WARN_QUOTED_INCLUDE_IN_FRAMEWORK_HEADER = YES;
				CLANG_WARN_RANGE_LOOP_ANALYSIS = YES;
				CLANG_WARN_STRICT_PROTOTYPES = YES;
				CLANG_WARN_SUSPICIOUS_MOVE = YES;
				CLANG_WARN_UNGUARDED_AVAILABILITY = YES_AGGRESSIVE;
				CLANG_WARN_UNREACHABLE_CODE = YES;
				CLANG_WARN__DUPLICATE_METHOD_MATCH = YES;
				COPY_PHASE_STRIP = NO;
				DEBUG_INFORMATION_FORMAT = "dwarf-with-dsym";
				ENABLE_NS_ASSERTIONS = NO;
				ENABLE_STRICT_OBJC_MSGSEND = YES;
				GCC_C_LANGUAGE_STANDARD = gnu11;
				GCC_NO_COMMON_BLOCKS = YES;
				GCC_WARN_64_TO_32_BIT_CONVERSION = YES;
				GCC_WARN_ABOUT_RETURN_TYPE = YES_ERROR;
				GCC_WARN_UNDECLARED_SELECTOR = YES;
				GCC_WARN_UNINITIALIZED_AUTOS = YES_AGGRESSIVE;
				GCC_WARN_UNUSED_FUNCTION = YES;
				GCC_WARN_UNUSED_VARIABLE = YES;
				IPHONEOS_DEPLOYMENT_TARGET = 14.4;
				MTL_ENABLE_DEBUG_INFO = NO;
				MTL_FAST_MATH = YES;
				SDKROOT = iphoneos;
				SWIFT_COMPILATION_MODE = wholemodule;
				SWIFT_OPTIMIZATION_LEVEL = "-O";
				VALIDATE_PRODUCT = YES;
			};
			name = Release;
		};
		4DE5802526109B9F005CCC0C /* Debug */ = {
			isa = XCBuildConfiguration;
			buildSettings = {
				ASSETCATALOG_COMPILER_APPICON_NAME = AppIcon;
				ASSETCATALOG_COMPILER_GLOBAL_ACCENT_COLOR_NAME = AccentColor;
				CODE_SIGN_STYLE = Automatic;
				DEVELOPMENT_ASSET_PATHS = "\"GuardianNewsApp/Preview Content\"";
				DEVELOPMENT_TEAM = EYT7Q6838H;
				ENABLE_PREVIEWS = YES;
				INFOPLIST_FILE = GuardianNewsApp/Info.plist;
				LD_RUNPATH_SEARCH_PATHS = (
					"$(inherited)",
					"@executable_path/Frameworks",
				);
				PRODUCT_BUNDLE_IDENTIFIER = com.mgopsill.GuardianNewsApp;
				PRODUCT_NAME = "$(TARGET_NAME)";
				SWIFT_VERSION = 5.0;
				TARGETED_DEVICE_FAMILY = "1,2";
			};
			name = Debug;
		};
		4DE5802626109B9F005CCC0C /* Release */ = {
			isa = XCBuildConfiguration;
			buildSettings = {
				ASSETCATALOG_COMPILER_APPICON_NAME = AppIcon;
				ASSETCATALOG_COMPILER_GLOBAL_ACCENT_COLOR_NAME = AccentColor;
				CODE_SIGN_STYLE = Automatic;
				DEVELOPMENT_ASSET_PATHS = "\"GuardianNewsApp/Preview Content\"";
				DEVELOPMENT_TEAM = EYT7Q6838H;
				ENABLE_PREVIEWS = YES;
				INFOPLIST_FILE = GuardianNewsApp/Info.plist;
				LD_RUNPATH_SEARCH_PATHS = (
					"$(inherited)",
					"@executable_path/Frameworks",
				);
				PRODUCT_BUNDLE_IDENTIFIER = com.mgopsill.GuardianNewsApp;
				PRODUCT_NAME = "$(TARGET_NAME)";
				SWIFT_VERSION = 5.0;
				TARGETED_DEVICE_FAMILY = "1,2";
			};
			name = Release;
		};
		4DE5803426109BB1005CCC0C /* Debug */ = {
			isa = XCBuildConfiguration;
			buildSettings = {
				BUNDLE_LOADER = "$(TEST_HOST)";
				CODE_SIGN_STYLE = Automatic;
				DEVELOPMENT_TEAM = EYT7Q6838H;
				INFOPLIST_FILE = GuardianNewsAppTests/Info.plist;
				LD_RUNPATH_SEARCH_PATHS = (
					"$(inherited)",
					"@executable_path/Frameworks",
					"@loader_path/Frameworks",
				);
				PRODUCT_BUNDLE_IDENTIFIER = com.mgopsill.GuardianNewsAppTests;
				PRODUCT_NAME = "$(TARGET_NAME)";
				SWIFT_VERSION = 5.0;
				TARGETED_DEVICE_FAMILY = "1,2";
				TEST_HOST = "$(BUILT_PRODUCTS_DIR)/GuardianNewsApp.app/GuardianNewsApp";
			};
			name = Debug;
		};
		4DE5803526109BB1005CCC0C /* Release */ = {
			isa = XCBuildConfiguration;
			buildSettings = {
				BUNDLE_LOADER = "$(TEST_HOST)";
				CODE_SIGN_STYLE = Automatic;
				DEVELOPMENT_TEAM = EYT7Q6838H;
				INFOPLIST_FILE = GuardianNewsAppTests/Info.plist;
				LD_RUNPATH_SEARCH_PATHS = (
					"$(inherited)",
					"@executable_path/Frameworks",
					"@loader_path/Frameworks",
				);
				PRODUCT_BUNDLE_IDENTIFIER = com.mgopsill.GuardianNewsAppTests;
				PRODUCT_NAME = "$(TARGET_NAME)";
				SWIFT_VERSION = 5.0;
				TARGETED_DEVICE_FAMILY = "1,2";
				TEST_HOST = "$(BUILT_PRODUCTS_DIR)/GuardianNewsApp.app/GuardianNewsApp";
			};
			name = Release;
		};
/* End XCBuildConfiguration section */

/* Begin XCConfigurationList section */
		4DE5800B26109B9E005CCC0C /* Build configuration list for PBXProject "GuardianNewsApp" */ = {
			isa = XCConfigurationList;
			buildConfigurations = (
				4DE5802226109B9F005CCC0C /* Debug */,
				4DE5802326109B9F005CCC0C /* Release */,
			);
			defaultConfigurationIsVisible = 0;
			defaultConfigurationName = Release;
		};
		4DE5802426109B9F005CCC0C /* Build configuration list for PBXNativeTarget "GuardianNewsApp" */ = {
			isa = XCConfigurationList;
			buildConfigurations = (
				4DE5802526109B9F005CCC0C /* Debug */,
				4DE5802626109B9F005CCC0C /* Release */,
			);
			defaultConfigurationIsVisible = 0;
			defaultConfigurationName = Release;
		};
		4DE5803326109BB1005CCC0C /* Build configuration list for PBXNativeTarget "GuardianNewsAppTests" */ = {
			isa = XCConfigurationList;
			buildConfigurations = (
				4DE5803426109BB1005CCC0C /* Debug */,
				4DE5803526109BB1005CCC0C /* Release */,
			);
			defaultConfigurationIsVisible = 0;
			defaultConfigurationName = Release;
		};
/* End XCConfigurationList section */

/* Begin XCRemoteSwiftPackageReference section */
		4DE70E952611B7CC00B33594 /* XCRemoteSwiftPackageReference "combine-schedulers" */ = {
			isa = XCRemoteSwiftPackageReference;
			repositoryURL = "https://github.com/pointfreeco/combine-schedulers";
			requirement = {
				kind = upToNextMajorVersion;
				minimumVersion = 0.4.1;
			};
		};
/* End XCRemoteSwiftPackageReference section */

/* Begin XCSwiftPackageProductDependency section */
		4DE70E962611B7CC00B33594 /* CombineSchedulers */ = {
			isa = XCSwiftPackageProductDependency;
			package = 4DE70E952611B7CC00B33594 /* XCRemoteSwiftPackageReference "combine-schedulers" */;
			productName = CombineSchedulers;
		};
/* End XCSwiftPackageProductDependency section */
	};
	rootObject = 4DE5800826109B9E005CCC0C /* Project object */;
}
